# This file is automatically @generated by Poetry 1.7.1 and should not be changed by hand.

[[package]]
name = "asttokens"
version = "2.4.1"
description = "Annotate AST trees with source code positions"
optional = false
python-versions = "*"
files = [
    {file = "asttokens-2.4.1-py2.py3-none-any.whl", hash = "sha256:051ed49c3dcae8913ea7cd08e46a606dba30b79993209636c4875bc1d637bc24"},
    {file = "asttokens-2.4.1.tar.gz", hash = "sha256:b03869718ba9a6eb027e134bfdf69f38a236d681c83c160d510768af11254ba0"},
]

[package.dependencies]
six = ">=1.12.0"

[package.extras]
astroid = ["astroid (>=1,<2)", "astroid (>=2,<4)"]
test = ["astroid (>=1,<2)", "astroid (>=2,<4)", "pytest"]

[[package]]
name = "colorama"
version = "0.4.6"
description = "Cross-platform colored terminal text."
optional = false
python-versions = "!=3.0.*,!=3.1.*,!=3.2.*,!=3.3.*,!=3.4.*,!=3.5.*,!=3.6.*,>=2.7"
files = [
    {file = "colorama-0.4.6-py2.py3-none-any.whl", hash = "sha256:4f1d9991f5acc0ca119f9d443620b77f9d6b33703e51011c16baf57afb285fc6"},
    {file = "colorama-0.4.6.tar.gz", hash = "sha256:08695f5cb7ed6e0531a20572697297273c47b8cae5a63ffc6d6ed5c201be6e44"},
]

[[package]]
name = "decorator"
version = "5.1.1"
description = "Decorators for Humans"
optional = false
python-versions = ">=3.5"
files = [
    {file = "decorator-5.1.1-py3-none-any.whl", hash = "sha256:b8c3f85900b9dc423225913c5aace94729fe1fa9763b38939a95226f02d37186"},
    {file = "decorator-5.1.1.tar.gz", hash = "sha256:637996211036b6385ef91435e4fae22989472f9d571faba8927ba8253acbc330"},
]

[[package]]
name = "evdev"
version = "1.6.1"
description = "Bindings to the Linux input handling subsystem"
optional = false
python-versions = "*"
files = [
    {file = "evdev-1.6.1.tar.gz", hash = "sha256:299db8628cc73b237fc1cc57d3c2948faa0756e2a58b6194b5bf81dc2081f1e3"},
]

[[package]]
name = "executing"
version = "2.0.1"
description = "Get the currently executing AST node of a frame, and other information"
optional = false
python-versions = ">=3.5"
files = [
    {file = "executing-2.0.1-py2.py3-none-any.whl", hash = "sha256:eac49ca94516ccc753f9fb5ce82603156e590b27525a8bc32cce8ae302eb61bc"},
    {file = "executing-2.0.1.tar.gz", hash = "sha256:35afe2ce3affba8ee97f2d69927fa823b08b472b7b994e36a52a964b93d16147"},
]

[package.extras]
tests = ["asttokens (>=2.1.0)", "coverage", "coverage-enable-subprocess", "ipython", "littleutils", "pytest", "rich"]

[[package]]
name = "ipdb"
version = "0.13.13"
description = "IPython-enabled pdb"
optional = false
python-versions = ">=2.7, !=3.0.*, !=3.1.*, !=3.2.*, !=3.3.*"
files = [
    {file = "ipdb-0.13.13-py3-none-any.whl", hash = "sha256:45529994741c4ab6d2388bfa5d7b725c2cf7fe9deffabdb8a6113aa5ed449ed4"},
    {file = "ipdb-0.13.13.tar.gz", hash = "sha256:e3ac6018ef05126d442af680aad863006ec19d02290561ac88b8b1c0b0cfc726"},
]

[package.dependencies]
decorator = {version = "*", markers = "python_version >= \"3.11\""}
ipython = {version = ">=7.31.1", markers = "python_version >= \"3.11\""}

[[package]]
name = "ipython"
version = "8.18.1"
description = "IPython: Productive Interactive Computing"
optional = false
python-versions = ">=3.9"
files = [
    {file = "ipython-8.18.1-py3-none-any.whl", hash = "sha256:e8267419d72d81955ec1177f8a29aaa90ac80ad647499201119e2f05e99aa397"},
    {file = "ipython-8.18.1.tar.gz", hash = "sha256:ca6f079bb33457c66e233e4580ebfc4128855b4cf6370dddd73842a9563e8a27"},
]

[package.dependencies]
colorama = {version = "*", markers = "sys_platform == \"win32\""}
decorator = "*"
jedi = ">=0.16"
matplotlib-inline = "*"
pexpect = {version = ">4.3", markers = "sys_platform != \"win32\""}
prompt-toolkit = ">=3.0.41,<3.1.0"
pygments = ">=2.4.0"
stack-data = "*"
traitlets = ">=5"

[package.extras]
all = ["black", "curio", "docrepr", "exceptiongroup", "ipykernel", "ipyparallel", "ipywidgets", "matplotlib", "matplotlib (!=3.2.0)", "nbconvert", "nbformat", "notebook", "numpy (>=1.22)", "pandas", "pickleshare", "pytest (<7)", "pytest (<7.1)", "pytest-asyncio (<0.22)", "qtconsole", "setuptools (>=18.5)", "sphinx (>=1.3)", "sphinx-rtd-theme", "stack-data", "testpath", "trio", "typing-extensions"]
black = ["black"]
doc = ["docrepr", "exceptiongroup", "ipykernel", "matplotlib", "pickleshare", "pytest (<7)", "pytest (<7.1)", "pytest-asyncio (<0.22)", "setuptools (>=18.5)", "sphinx (>=1.3)", "sphinx-rtd-theme", "stack-data", "testpath", "typing-extensions"]
kernel = ["ipykernel"]
nbconvert = ["nbconvert"]
nbformat = ["nbformat"]
notebook = ["ipywidgets", "notebook"]
parallel = ["ipyparallel"]
qtconsole = ["qtconsole"]
test = ["pickleshare", "pytest (<7.1)", "pytest-asyncio (<0.22)", "testpath"]
test-extra = ["curio", "matplotlib (!=3.2.0)", "nbformat", "numpy (>=1.22)", "pandas", "pickleshare", "pytest (<7.1)", "pytest-asyncio (<0.22)", "testpath", "trio"]

[[package]]
name = "jedi"
version = "0.19.1"
description = "An autocompletion tool for Python that can be used for text editors."
optional = false
python-versions = ">=3.6"
files = [
    {file = "jedi-0.19.1-py2.py3-none-any.whl", hash = "sha256:e983c654fe5c02867aef4cdfce5a2fbb4a50adc0af145f70504238f18ef5e7e0"},
    {file = "jedi-0.19.1.tar.gz", hash = "sha256:cf0496f3651bc65d7174ac1b7d043eff454892c708a87d1b683e57b569927ffd"},
]

[package.dependencies]
parso = ">=0.8.3,<0.9.0"

[package.extras]
docs = ["Jinja2 (==2.11.3)", "MarkupSafe (==1.1.1)", "Pygments (==2.8.1)", "alabaster (==0.7.12)", "babel (==2.9.1)", "chardet (==4.0.0)", "commonmark (==0.8.1)", "docutils (==0.17.1)", "future (==0.18.2)", "idna (==2.10)", "imagesize (==1.2.0)", "mock (==1.0.1)", "packaging (==20.9)", "pyparsing (==2.4.7)", "pytz (==2021.1)", "readthedocs-sphinx-ext (==2.1.4)", "recommonmark (==0.5.0)", "requests (==2.25.1)", "six (==1.15.0)", "snowballstemmer (==2.1.0)", "sphinx (==1.8.5)", "sphinx-rtd-theme (==0.4.3)", "sphinxcontrib-serializinghtml (==1.1.4)", "sphinxcontrib-websupport (==1.2.4)", "urllib3 (==1.26.4)"]
qa = ["flake8 (==5.0.4)", "mypy (==0.971)", "types-setuptools (==67.2.0.1)"]
testing = ["Django", "attrs", "colorama", "docopt", "pytest (<7.0.0)"]

[[package]]
name = "matplotlib-inline"
version = "0.1.6"
description = "Inline Matplotlib backend for Jupyter"
optional = false
python-versions = ">=3.5"
files = [
    {file = "matplotlib-inline-0.1.6.tar.gz", hash = "sha256:f887e5f10ba98e8d2b150ddcf4702c1e5f8b3a20005eb0f74bfdbd360ee6f304"},
    {file = "matplotlib_inline-0.1.6-py3-none-any.whl", hash = "sha256:f1f41aab5328aa5aaea9b16d083b128102f8712542f819fe7e6a420ff581b311"},
]

[package.dependencies]
traitlets = "*"

[[package]]
name = "parso"
version = "0.8.3"
description = "A Python Parser"
optional = false
python-versions = ">=3.6"
files = [
    {file = "parso-0.8.3-py2.py3-none-any.whl", hash = "sha256:c001d4636cd3aecdaf33cbb40aebb59b094be2a74c556778ef5576c175e19e75"},
    {file = "parso-0.8.3.tar.gz", hash = "sha256:8c07be290bb59f03588915921e29e8a50002acaf2cdc5fa0e0114f91709fafa0"},
]

[package.extras]
qa = ["flake8 (==3.8.3)", "mypy (==0.782)"]
testing = ["docopt", "pytest (<6.0.0)"]

[[package]]
name = "pexpect"
version = "4.9.0"
description = "Pexpect allows easy control of interactive console applications."
optional = false
python-versions = "*"
files = [
    {file = "pexpect-4.9.0-py2.py3-none-any.whl", hash = "sha256:7236d1e080e4936be2dc3e326cec0af72acf9212a7e1d060210e70a47e253523"},
    {file = "pexpect-4.9.0.tar.gz", hash = "sha256:ee7d41123f3c9911050ea2c2dac107568dc43b2d3b0c7557a33212c398ead30f"},
]

[package.dependencies]
ptyprocess = ">=0.5"

[[package]]
name = "prompt-toolkit"
version = "3.0.43"
description = "Library for building powerful interactive command lines in Python"
optional = false
python-versions = ">=3.7.0"
files = [
    {file = "prompt_toolkit-3.0.43-py3-none-any.whl", hash = "sha256:a11a29cb3bf0a28a387fe5122cdb649816a957cd9261dcedf8c9f1fef33eacf6"},
    {file = "prompt_toolkit-3.0.43.tar.gz", hash = "sha256:3527b7af26106cbc65a040bcc84839a3566ec1b051bb0bfe953631e704b0ff7d"},
]

[package.dependencies]
wcwidth = "*"

[[package]]
name = "ptyprocess"
version = "0.7.0"
description = "Run a subprocess in a pseudo terminal"
optional = false
python-versions = "*"
files = [
    {file = "ptyprocess-0.7.0-py2.py3-none-any.whl", hash = "sha256:4b41f3967fce3af57cc7e94b888626c18bf37a083e3651ca8feeb66d492fef35"},
    {file = "ptyprocess-0.7.0.tar.gz", hash = "sha256:5c5d0a3b48ceee0b48485e0c26037c0acd7d29765ca3fbb5cb3831d347423220"},
]

[[package]]
name = "pure-eval"
version = "0.2.2"
description = "Safely evaluate AST nodes without side effects"
optional = false
python-versions = "*"
files = [
    {file = "pure_eval-0.2.2-py3-none-any.whl", hash = "sha256:01eaab343580944bc56080ebe0a674b39ec44a945e6d09ba7db3cb8cec289350"},
    {file = "pure_eval-0.2.2.tar.gz", hash = "sha256:2b45320af6dfaa1750f543d714b6d1c520a1688dec6fd24d339063ce0aaa9ac3"},
]

[package.extras]
tests = ["pytest"]

[[package]]
name = "pygments"
version = "2.17.2"
description = "Pygments is a syntax highlighting package written in Python."
optional = false
python-versions = ">=3.7"
files = [
    {file = "pygments-2.17.2-py3-none-any.whl", hash = "sha256:b27c2826c47d0f3219f29554824c30c5e8945175d888647acd804ddd04af846c"},
    {file = "pygments-2.17.2.tar.gz", hash = "sha256:da46cec9fd2de5be3a8a784f434e4c4ab670b4ff54d605c4c2717e9d49c4c367"},
]

[package.extras]
plugins = ["importlib-metadata"]
windows-terminal = ["colorama (>=0.4.6)"]

[[package]]
name = "pynput"
version = "1.7.6"
description = "Monitor and control user input devices"
optional = false
python-versions = "*"
files = [
    {file = "pynput-1.7.6-py2.py3-none-any.whl", hash = "sha256:19861b2a0c430d646489852f89500e0c9332e295f2c020e7c2775e7046aa2e2f"},
    {file = "pynput-1.7.6.tar.gz", hash = "sha256:3a5726546da54116b687785d38b1db56997ce1d28e53e8d22fc656d8b92e533c"},
]

[package.dependencies]
evdev = {version = ">=1.3", markers = "sys_platform in \"linux\""}
pyobjc-framework-ApplicationServices = {version = ">=8.0", markers = "sys_platform == \"darwin\""}
pyobjc-framework-Quartz = {version = ">=8.0", markers = "sys_platform == \"darwin\""}
python-xlib = {version = ">=0.17", markers = "sys_platform in \"linux\""}
six = "*"

[[package]]
name = "pyobjc-core"
version = "10.1"
description = "Python<->ObjC Interoperability Module"
optional = false
python-versions = ">=3.8"
files = [
    {file = "pyobjc-core-10.1.tar.gz", hash = "sha256:1844f1c8e282839e6fdcb9a9722396c1c12fb1e9331eb68828a26f28a3b2b2b1"},
    {file = "pyobjc_core-10.1-cp310-cp310-macosx_10_9_universal2.whl", hash = "sha256:2a72a88222539ad07b5c8be411edc52ff9147d7cef311a2c849869d7bb9603fd"},
    {file = "pyobjc_core-10.1-cp311-cp311-macosx_10_9_universal2.whl", hash = "sha256:fe1b9987b7b0437685fb529832876c2a8463500114960d4e76bb8ae96b6bf208"},
    {file = "pyobjc_core-10.1-cp312-cp312-macosx_10_9_universal2.whl", hash = "sha256:9f628779c345d3abd0e20048fb0e256d894c22254577a81a6dcfdb92c3647682"},
    {file = "pyobjc_core-10.1-cp38-cp38-macosx_10_9_x86_64.whl", hash = "sha256:25a9e5a2de19238787d24cfa7def6b7fbb94bbe89c0e3109f71c1cb108e8ab44"},
    {file = "pyobjc_core-10.1-cp38-cp38-macosx_11_0_universal2.whl", hash = "sha256:2d43205d3a784aa87055b84c0ec0dfa76498e5f18d1ad16bdc58a3dcf5a7d5d0"},
    {file = "pyobjc_core-10.1-cp39-cp39-macosx_10_9_universal2.whl", hash = "sha256:0aa9799b5996a893944999a2f1afcf1de119cab3551c169ad9f54d12e1d38c99"},
]

[[package]]
name = "pyobjc-framework-applicationservices"
version = "10.1"
description = "Wrappers for the framework ApplicationServices on macOS"
optional = false
python-versions = ">=3.8"
files = [
    {file = "pyobjc-framework-ApplicationServices-10.1.tar.gz", hash = "sha256:bb780eabadad0fbf36a128041dccfd71e30bbeb6b110852d37fd5c98f4a2ec04"},
    {file = "pyobjc_framework_ApplicationServices-10.1-cp310-cp310-macosx_10_9_universal2.whl", hash = "sha256:a74a0922b48ad5ac4e402a1ac5dda5d6ee0d177870b7e244be61bc95d639ba85"},
    {file = "pyobjc_framework_ApplicationServices-10.1-cp311-cp311-macosx_10_9_universal2.whl", hash = "sha256:ff352c33cad3f7bf8dd9b955ebb5db02d451d88eb04478d83edf0edd0cc8bf5d"},
    {file = "pyobjc_framework_ApplicationServices-10.1-cp312-cp312-macosx_10_9_universal2.whl", hash = "sha256:6d0706d5d9436298c8d619a1bb5be11a1f4ff9f4733797a393c6a706568de110"},
    {file = "pyobjc_framework_ApplicationServices-10.1-cp38-cp38-macosx_10_9_x86_64.whl", hash = "sha256:95bd111583c3bf20656393c2a056a457b0cf08c76c0ab27cfcaedf92f707e8a9"},
    {file = "pyobjc_framework_ApplicationServices-10.1-cp38-cp38-macosx_11_0_universal2.whl", hash = "sha256:90a2350ddae3d9fb7b2e35e3b672b64854edae497fda8d7d4d798679c8280fed"},
    {file = "pyobjc_framework_ApplicationServices-10.1-cp39-cp39-macosx_10_9_universal2.whl", hash = "sha256:8bc830ac60b73a4cab24d1b1fdd8b044f25fe02e0af63a92cd96c43a51808c96"},
]

[package.dependencies]
pyobjc-core = ">=10.1"
pyobjc-framework-Cocoa = ">=10.1"
pyobjc-framework-CoreText = ">=10.1"
pyobjc-framework-Quartz = ">=10.1"

[[package]]
name = "pyobjc-framework-cocoa"
version = "10.1"
description = "Wrappers for the Cocoa frameworks on macOS"
optional = false
python-versions = ">=3.8"
files = [
    {file = "pyobjc-framework-Cocoa-10.1.tar.gz", hash = "sha256:8faaf1292a112e488b777d0c19862d993f3f384f3927dc6eca0d8d2221906a14"},
    {file = "pyobjc_framework_Cocoa-10.1-cp310-cp310-macosx_10_9_universal2.whl", hash = "sha256:2e82c2e20b89811d92a7e6e487b6980f360b7c142e2576e90f0e7569caf8202b"},
    {file = "pyobjc_framework_Cocoa-10.1-cp311-cp311-macosx_10_9_universal2.whl", hash = "sha256:0860a9beb7e5c72a1f575679a6d1428a398fa19ad710fb116df899972912e304"},
    {file = "pyobjc_framework_Cocoa-10.1-cp312-cp312-macosx_10_9_universal2.whl", hash = "sha256:34b791ea740e1afce211f19334e45469fea9a48d8fce5072e146199fd19ff49f"},
    {file = "pyobjc_framework_Cocoa-10.1-cp38-cp38-macosx_10_9_x86_64.whl", hash = "sha256:1398c1a9bebad1a0f2549980e20f4aade00c341b9bac56b4493095a65917d34a"},
    {file = "pyobjc_framework_Cocoa-10.1-cp38-cp38-macosx_11_0_universal2.whl", hash = "sha256:22be21226e223d26c9e77645564225787f2b12a750dd17c7ad99c36f428eda14"},
    {file = "pyobjc_framework_Cocoa-10.1-cp39-cp39-macosx_10_9_universal2.whl", hash = "sha256:0280561f4fb98a864bd23f2c480d907b0edbffe1048654f5dfab160cea8198e6"},
]

[package.dependencies]
pyobjc-core = ">=10.1"

[[package]]
name = "pyobjc-framework-coretext"
version = "10.1"
description = "Wrappers for the framework CoreText on macOS"
optional = false
python-versions = ">=3.8"
files = [
    {file = "pyobjc-framework-CoreText-10.1.tar.gz", hash = "sha256:b6a112e2ae8720be42af19e0fe9b866b43d7e9196726caa366d61d18294e6248"},
    {file = "pyobjc_framework_CoreText-10.1-cp310-cp310-macosx_10_9_universal2.whl", hash = "sha256:6ea2920c126a8a39e8a13b6de731b78b391300cec242812c9fbcf65a66ae40cf"},
    {file = "pyobjc_framework_CoreText-10.1-cp311-cp311-macosx_10_9_universal2.whl", hash = "sha256:37b203d832dd82bd9566c72eea815eb89f00f128a4c9a2f352843914da4effec"},
    {file = "pyobjc_framework_CoreText-10.1-cp312-cp312-macosx_10_9_universal2.whl", hash = "sha256:083700483b18f337b0c43bdfaafc43467846f8555075669d4962d460d9d6cd00"},
    {file = "pyobjc_framework_CoreText-10.1-cp38-cp38-macosx_10_9_x86_64.whl", hash = "sha256:59472cd1a33e83803fa62b3db20ac0e899f5ed706d22704ea81129d3f49ff0c7"},
    {file = "pyobjc_framework_CoreText-10.1-cp38-cp38-macosx_11_0_universal2.whl", hash = "sha256:cc1a63ca2c6921768b1c794ce60e2a278e0177731aa4bf8f620fdde857e4835e"},
    {file = "pyobjc_framework_CoreText-10.1-cp39-cp39-macosx_10_9_universal2.whl", hash = "sha256:fbbdde4ce747bcad45c2aded36167ad00fead309a265d89ab22289c221038e57"},
]

[package.dependencies]
pyobjc-core = ">=10.1"
pyobjc-framework-Cocoa = ">=10.1"
pyobjc-framework-Quartz = ">=10.1"

[[package]]
name = "pyobjc-framework-quartz"
version = "10.1"
description = "Wrappers for the Quartz frameworks on macOS"
optional = false
python-versions = ">=3.8"
files = [
    {file = "pyobjc-framework-Quartz-10.1.tar.gz", hash = "sha256:b7439c0a3be9590d261cd2d340ba8dd24a75877b0be3ebce56e022a19cc05738"},
    {file = "pyobjc_framework_Quartz-10.1-cp310-cp310-macosx_10_9_universal2.whl", hash = "sha256:69db14ac9814839471e3cf5a8d81fb5edd1b762739ad806d3cf244836dac0154"},
    {file = "pyobjc_framework_Quartz-10.1-cp311-cp311-macosx_10_9_universal2.whl", hash = "sha256:2ddcd18e96511e618ce43e288a043e25524c131f5e6d58775db7aaf15553d849"},
    {file = "pyobjc_framework_Quartz-10.1-cp312-cp312-macosx_10_9_universal2.whl", hash = "sha256:c4257a2fb5580e5ebe927a66cf36a11749685a4681a30f90e954a3f08894cb62"},
    {file = "pyobjc_framework_Quartz-10.1-cp38-cp38-macosx_10_9_x86_64.whl", hash = "sha256:28315ca6e04a08ae9e4eaf35b364ee77e081605d5865021018217626097c5e80"},
    {file = "pyobjc_framework_Quartz-10.1-cp38-cp38-macosx_11_0_universal2.whl", hash = "sha256:9cb859a2fd7e15f2de85c16b028148dea06002d1a4142922b3441d3802fab372"},
    {file = "pyobjc_framework_Quartz-10.1-cp39-cp39-macosx_10_9_universal2.whl", hash = "sha256:993c71009e6374e57205e6aeaa577b7af2df245a5d1d2feff0f88ca0fa7b8626"},
]

[package.dependencies]
pyobjc-core = ">=10.1"
pyobjc-framework-Cocoa = ">=10.1"

[[package]]
name = "python-xlib"
version = "0.33"
description = "Python X Library"
optional = false
python-versions = "*"
files = [
    {file = "python-xlib-0.33.tar.gz", hash = "sha256:55af7906a2c75ce6cb280a584776080602444f75815a7aff4d287bb2d7018b32"},
    {file = "python_xlib-0.33-py2.py3-none-any.whl", hash = "sha256:c3534038d42e0df2f1392a1b30a15a4ff5fdc2b86cfa94f072bf11b10a164398"},
]

[package.dependencies]
six = ">=1.10.0"

[[package]]
name = "pyudev"
version = "0.24.1"
description = "A libudev binding"
optional = false
python-versions = ">=3.7"
files = [
    {file = "pyudev-0.24.1-py3-none-any.whl", hash = "sha256:da7e977be15fb5eccf8797b8e2176cd5b4f39288707cdcb39d1cabe7c8793e2b"},
    {file = "pyudev-0.24.1.tar.gz", hash = "sha256:75e54d37218f5ac45b0da1f0fd9cc5e526a3cac3ef1cfad410cf7ab338b01471"},
]

[[package]]
name = "six"
version = "1.16.0"
description = "Python 2 and 3 compatibility utilities"
optional = false
python-versions = ">=2.7, !=3.0.*, !=3.1.*, !=3.2.*"
files = [
    {file = "six-1.16.0-py2.py3-none-any.whl", hash = "sha256:8abb2f1d86890a2dfb989f9a77cfcfd3e47c2a354b01111771326f8aa26e0254"},
    {file = "six-1.16.0.tar.gz", hash = "sha256:1e61c37477a1626458e36f7b1d82aa5c9b094fa4802892072e49de9c60c4c926"},
]

[[package]]
name = "stack-data"
version = "0.6.3"
description = "Extract data from python stack frames and tracebacks for informative displays"
optional = false
python-versions = "*"
files = [
    {file = "stack_data-0.6.3-py3-none-any.whl", hash = "sha256:d5558e0c25a4cb0853cddad3d77da9891a08cb85dd9f9f91b9f8cd66e511e695"},
    {file = "stack_data-0.6.3.tar.gz", hash = "sha256:836a778de4fec4dcd1dcd89ed8abff8a221f58308462e1c4aa2a3cf30148f0b9"},
]

[package.dependencies]
asttokens = ">=2.1.0"
executing = ">=1.2.0"
pure-eval = "*"

[package.extras]
tests = ["cython", "littleutils", "pygments", "pytest", "typeguard"]

[[package]]
name = "traitlets"
version = "5.14.0"
description = "Traitlets Python configuration system"
optional = false
python-versions = ">=3.8"
files = [
    {file = "traitlets-5.14.0-py3-none-any.whl", hash = "sha256:f14949d23829023013c47df20b4a76ccd1a85effb786dc060f34de7948361b33"},
    {file = "traitlets-5.14.0.tar.gz", hash = "sha256:fcdaa8ac49c04dfa0ed3ee3384ef6dfdb5d6f3741502be247279407679296772"},
]

[package.extras]
docs = ["myst-parser", "pydata-sphinx-theme", "sphinx"]
test = ["argcomplete (>=3.0.3)", "mypy (>=1.7.0)", "pre-commit", "pytest (>=7.0,<7.5)", "pytest-mock", "pytest-mypy-testing"]

[[package]]
name = "wcwidth"
version = "0.2.12"
description = "Measures the displayed width of unicode strings in a terminal"
optional = false
python-versions = "*"
files = [
    {file = "wcwidth-0.2.12-py2.py3-none-any.whl", hash = "sha256:f26ec43d96c8cbfed76a5075dac87680124fa84e0855195a6184da9c187f133c"},
    {file = "wcwidth-0.2.12.tar.gz", hash = "sha256:f01c104efdf57971bcb756f054dd58ddec5204dd15fa31d6503ea57947d97c02"},
]

[metadata]
lock-version = "2.0"
python-versions = "^3.12"
content-hash = "6b4721dfbcebc357dd76f4c2f56d535c87ef701c700b46460fc3f30a0a8f010c"
